// !$*UTF8*$!
{
	archiveVersion = 1;
	classes = {
	};
	objectVersion = 46;
	objects = {

/* Begin PBXBuildFile section */
		750E19F71AB49C28001BABC1 /* AppDelegate.swift in Sources */ = {isa = PBXBuildFile; fileRef = 750E19F61AB49C28001BABC1 /* AppDelegate.swift */; };
		750E19FA1AB49C28001BABC1 /* BackItApp.xcdatamodeld in Sources */ = {isa = PBXBuildFile; fileRef = 750E19F81AB49C28001BABC1 /* BackItApp.xcdatamodeld */; };
		750E19FC1AB49C28001BABC1 /* ViewController.swift in Sources */ = {isa = PBXBuildFile; fileRef = 750E19FB1AB49C28001BABC1 /* ViewController.swift */; };
		750E19FF1AB49C28001BABC1 /* Main.storyboard in Resources */ = {isa = PBXBuildFile; fileRef = 750E19FD1AB49C28001BABC1 /* Main.storyboard */; };
		750E1A011AB49C28001BABC1 /* Images.xcassets in Resources */ = {isa = PBXBuildFile; fileRef = 750E1A001AB49C28001BABC1 /* Images.xcassets */; };
		750E1A041AB49C28001BABC1 /* LaunchScreen.xib in Resources */ = {isa = PBXBuildFile; fileRef = 750E1A021AB49C28001BABC1 /* LaunchScreen.xib */; };
		750E1A101AB49C29001BABC1 /* BackItAppTests.swift in Sources */ = {isa = PBXBuildFile; fileRef = 750E1A0F1AB49C29001BABC1 /* BackItAppTests.swift */; };
/* End PBXBuildFile section */

/* Begin PBXContainerItemProxy section */
		750E1A0A1AB49C29001BABC1 /* PBXContainerItemProxy */ = {
			isa = PBXContainerItemProxy;
			containerPortal = 750E19E91AB49C28001BABC1 /* Project object */;
			proxyType = 1;
			remoteGlobalIDString = 750E19F01AB49C28001BABC1;
			remoteInfo = BackItApp;
		};
/* End PBXContainerItemProxy section */

/* Begin PBXFileReference section */
		750E19F11AB49C28001BABC1 /* BackItApp.app */ = {isa = PBXFileReference; explicitFileType = wrapper.application; includeInIndex = 0; path = BackItApp.app; sourceTree = BUILT_PRODUCTS_DIR; };
		750E19F51AB49C28001BABC1 /* Info.plist */ = {isa = PBXFileReference; lastKnownFileType = text.plist.xml; path = Info.plist; sourceTree = "<group>"; };
		750E19F61AB49C28001BABC1 /* AppDelegate.swift */ = {isa = PBXFileReference; lastKnownFileType = sourcecode.swift; path = AppDelegate.swift; sourceTree = "<group>"; };
		750E19F91AB49C28001BABC1 /* BackItApp.xcdatamodel */ = {isa = PBXFileReference; lastKnownFileType = wrapper.xcdatamodel; path = BackItApp.xcdatamodel; sourceTree = "<group>"; };
		750E19FB1AB49C28001BABC1 /* ViewController.swift */ = {isa = PBXFileReference; lastKnownFileType = sourcecode.swift; path = ViewController.swift; sourceTree = "<group>"; };
		750E19FE1AB49C28001BABC1 /* Base */ = {isa = PBXFileReference; lastKnownFileType = file.storyboard; name = Base; path = Base.lproj/Main.storyboard; sourceTree = "<group>"; };
		750E1A001AB49C28001BABC1 /* Images.xcassets */ = {isa = PBXFileReference; lastKnownFileType = folder.assetcatalog; path = Images.xcassets; sourceTree = "<group>"; };
		750E1A031AB49C28001BABC1 /* Base */ = {isa = PBXFileReference; lastKnownFileType = file.xib; name = Base; path = Base.lproj/LaunchScreen.xib; sourceTree = "<group>"; };
		750E1A091AB49C29001BABC1 /* BackItAppTests.xctest */ = {isa = PBXFileReference; explicitFileType = wrapper.cfbundle; includeInIndex = 0; path = BackItAppTests.xctest; sourceTree = BUILT_PRODUCTS_DIR; };
		750E1A0E1AB49C29001BABC1 /* Info.plist */ = {isa = PBXFileReference; lastKnownFileType = text.plist.xml; path = Info.plist; sourceTree = "<group>"; };
		750E1A0F1AB49C29001BABC1 /* BackItAppTests.swift */ = {isa = PBXFileReference; lastKnownFileType = sourcecode.swift; path = BackItAppTests.swift; sourceTree = "<group>"; };
/* End PBXFileReference section */

/* Begin PBXFrameworksBuildPhase section */
		750E19EE1AB49C28001BABC1 /* Frameworks */ = {
			isa = PBXFrameworksBuildPhase;
			buildActionMask = 2147483647;
			files = (
			);
			runOnlyForDeploymentPostprocessing = 0;
		};
		750E1A061AB49C29001BABC1 /* Frameworks */ = {
			isa = PBXFrameworksBuildPhase;
			buildActionMask = 2147483647;
			files = (
			);
			runOnlyForDeploymentPostprocessing = 0;
		};
/* End PBXFrameworksBuildPhase section */

/* Begin PBXGroup section */
		750E19E81AB49C28001BABC1 = {
			isa = PBXGroup;
			children = (
				750E19F31AB49C28001BABC1 /* BackItApp */,
				750E1A0C1AB49C29001BABC1 /* BackItAppTests */,
				750E19F21AB49C28001BABC1 /* Products */,
			);
			sourceTree = "<group>";
		};
		750E19F21AB49C28001BABC1 /* Products */ = {
			isa = PBXGroup;
			children = (
				750E19F11AB49C28001BABC1 /* BackItApp.app */,
				750E1A091AB49C29001BABC1 /* BackItAppTests.xctest */,
			);
			name = Products;
			sourceTree = "<group>";
		};
		750E19F31AB49C28001BABC1 /* BackItApp */ = {
			isa = PBXGroup;
			children = (
				750E19F61AB49C28001BABC1 /* AppDelegate.swift */,
				750E19FB1AB49C28001BABC1 /* ViewController.swift */,
				750E19FD1AB49C28001BABC1 /* Main.storyboard */,
				750E1A001AB49C28001BABC1 /* Images.xcassets */,
				750E1A021AB49C28001BABC1 /* LaunchScreen.xib */,
				750E19F81AB49C28001BABC1 /* BackItApp.xcdatamodeld */,
				750E19F41AB49C28001BABC1 /* Supporting Files */,
			);
			path = BackItApp;
			sourceTree = "<group>";
		};
		750E19F41AB49C28001BABC1 /* Supporting Files */ = {
			isa = PBXGroup;
			children = (
				750E19F51AB49C28001BABC1 /* Info.plist */,
			);
			name = "Supporting Files";
			sourceTree = "<group>";
		};
		750E1A0C1AB49C29001BABC1 /* BackItAppTests */ = {
			isa = PBXGroup;
			children = (
				750E1A0F1AB49C29001BABC1 /* BackItAppTests.swift */,
				750E1A0D1AB49C29001BABC1 /* Supporting Files */,
			);
			path = BackItAppTests;
			sourceTree = "<group>";
		};
		750E1A0D1AB49C29001BABC1 /* Supporting Files */ = {
			isa = PBXGroup;
			children = (
				750E1A0E1AB49C29001BABC1 /* Info.plist */,
			);
			name = "Supporting Files";
			sourceTree = "<group>";
		};
/* End PBXGroup section */

/* Begin PBXNativeTarget section */
		750E19F01AB49C28001BABC1 /* BackItApp */ = {
			isa = PBXNativeTarget;
			buildConfigurationList = 750E1A131AB49C29001BABC1 /* Build configuration list for PBXNativeTarget "BackItApp" */;
			buildPhases = (
				750E19ED1AB49C28001BABC1 /* Sources */,
				750E19EE1AB49C28001BABC1 /* Frameworks */,
				750E19EF1AB49C28001BABC1 /* Resources */,
			);
			buildRules = (
			);
			dependencies = (
			);
			name = BackItApp;
			productName = BackItApp;
			productReference = 750E19F11AB49C28001BABC1 /* BackItApp.app */;
			productType = "com.apple.product-type.application";
		};
		750E1A081AB49C29001BABC1 /* BackItAppTests */ = {
			isa = PBXNativeTarget;
			buildConfigurationList = 750E1A161AB49C29001BABC1 /* Build configuration list for PBXNativeTarget "BackItAppTests" */;
			buildPhases = (
				750E1A051AB49C29001BABC1 /* Sources */,
				750E1A061AB49C29001BABC1 /* Frameworks */,
				750E1A071AB49C29001BABC1 /* Resources */,
			);
			buildRules = (
			);
			dependencies = (
				750E1A0B1AB49C29001BABC1 /* PBXTargetDependency */,
			);
			name = BackItAppTests;
			productName = BackItAppTests;
			productReference = 750E1A091AB49C29001BABC1 /* BackItAppTests.xctest */;
			productType = "com.apple.product-type.bundle.unit-test";
		};
/* End PBXNativeTarget section */

/* Begin PBXProject section */
		750E19E91AB49C28001BABC1 /* Project object */ = {
			isa = PBXProject;
			attributes = {
				LastUpgradeCheck = 0630;
				ORGANIZATIONNAME = SideApps;
				TargetAttributes = {
					750E19F01AB49C28001BABC1 = {
						CreatedOnToolsVersion = 6.3;
					};
					750E1A081AB49C29001BABC1 = {
						CreatedOnToolsVersion = 6.3;
						TestTargetID = 750E19F01AB49C28001BABC1;
					};
				};
			};
			buildConfigurationList = 750E19EC1AB49C28001BABC1 /* Build configuration list for PBXProject "BackItApp" */;
			compatibilityVersion = "Xcode 3.2";
			developmentRegion = English;
			hasScannedForEncodings = 0;
			knownRegions = (
				en,
				Base,
			);
			mainGroup = 750E19E81AB49C28001BABC1;
			productRefGroup = 750E19F21AB49C28001BABC1 /* Products */;
			projectDirPath = "";
			projectRoot = "";
			targets = (
				750E19F01AB49C28001BABC1 /* BackItApp */,
				750E1A081AB49C29001BABC1 /* BackItAppTests */,
			);
		};
/* End PBXProject section */

/* Begin PBXResourcesBuildPhase section */
		750E19EF1AB49C28001BABC1 /* Resources */ = {
			isa = PBXResourcesBuildPhase;
			buildActionMask = 2147483647;
			files = (
				750E19FF1AB49C28001BABC1 /* Main.storyboard in Resources */,
				750E1A041AB49C28001BABC1 /* LaunchScreen.xib in Resources */,
				750E1A011AB49C28001BABC1 /* Images.xcassets in Resources */,
			);
			runOnlyForDeploymentPostprocessing = 0;
		};
		750E1A071AB49C29001BABC1 /* Resources */ = {
			isa = PBXResourcesBuildPhase;
			buildActionMask = 2147483647;
			files = (
			);
			runOnlyForDeploymentPostprocessing = 0;
		};
/* End PBXResourcesBuildPhase section */

/* Begin PBXSourcesBuildPhase section */
		750E19ED1AB49C28001BABC1 /* Sources */ = {
			isa = PBXSourcesBuildPhase;
			buildActionMask = 2147483647;
			files = (
				750E19FC1AB49C28001BABC1 /* ViewController.swift in Sources */,
				750E19F71AB49C28001BABC1 /* AppDelegate.swift in Sources */,
				750E19FA1AB49C28001BABC1 /* BackItApp.xcdatamodeld in Sources */,
			);
			runOnlyForDeploymentPostprocessing = 0;
		};
		750E1A051AB49C29001BABC1 /* Sources */ = {
			isa = PBXSourcesBuildPhase;
			buildActionMask = 2147483647;
			files = (
				750E1A101AB49C29001BABC1 /* BackItAppTests.swift in Sources */,
			);
			runOnlyForDeploymentPostprocessing = 0;
		};
/* End PBXSourcesBuildPhase section */

/* Begin PBXTargetDependency section */
		750E1A0B1AB49C29001BABC1 /* PBXTargetDependency */ = {
			isa = PBXTargetDependency;
			target = 750E19F01AB49C28001BABC1 /* BackItApp */;
			targetProxy = 750E1A0A1AB49C29001BABC1 /* PBXContainerItemProxy */;
		};
/* End PBXTargetDependency section */

/* Begin PBXVariantGroup section */
		750E19FD1AB49C28001BABC1 /* Main.storyboard */ = {
			isa = PBXVariantGroup;
			children = (
				750E19FE1AB49C28001BABC1 /* Base */,
			);
			name = Main.storyboard;
			sourceTree = "<group>";
		};
		750E1A021AB49C28001BABC1 /* LaunchScreen.xib */ = {
			isa = PBXVariantGroup;
			children = (
				750E1A031AB49C28001BABC1 /* Base */,
			);
			name = LaunchScreen.xib;
			sourceTree = "<group>";
		};
/* End PBXVariantGroup section */

/* Begin XCBuildConfiguration section */
		750E1A111AB49C29001BABC1 /* Debug */ = {
			isa = XCBuildConfiguration;
			buildSettings = {
				ALWAYS_SEARCH_USER_PATHS = NO;
				CLANG_CXX_LANGUAGE_STANDARD = "gnu++0x";
				CLANG_CXX_LIBRARY = "libc++";
				CLANG_ENABLE_MODULES = YES;
				CLANG_ENABLE_OBJC_ARC = YES;
				CLANG_WARN_BOOL_CONVERSION = YES;
				CLANG_WARN_CONSTANT_CONVERSION = YES;
				CLANG_WARN_DIRECT_OBJC_ISA_USAGE = YES_ERROR;
				CLANG_WARN_EMPTY_BODY = YES;
				CLANG_WARN_ENUM_CONVERSION = YES;
				CLANG_WARN_INT_CONVERSION = YES;
				CLANG_WARN_OBJC_ROOT_CLASS = YES_ERROR;
				CLANG_WARN_UNREACHABLE_CODE = YES;
				CLANG_WARN__DUPLICATE_METHOD_MATCH = YES;
				"CODE_SIGN_IDENTITY[sdk=iphoneos*]" = "iPhone Developer";
				COPY_PHASE_STRIP = NO;
				DEBUG_INFORMATION_FORMAT = dwarf;
				ENABLE_STRICT_OBJC_MSGSEND = YES;
				GCC_C_LANGUAGE_STANDARD = gnu99;
				GCC_DYNAMIC_NO_PIC = NO;
				GCC_NO_COMMON_BLOCKS = YES;
				GCC_OPTIMIZATION_LEVEL = 0;
				GCC_PREPROCESSOR_DEFINITIONS = (
					"DEBUG=1",
					"$(inherited)",
				);
				GCC_SYMBOLS_PRIVATE_EXTERN = NO;
				GCC_WARN_64_TO_32_BIT_CONVERSION = YES;
				GCC_WARN_ABOUT_RETURN_TYPE = YES_ERROR;
				GCC_WARN_UNDECLARED_SELECTOR = YES;
				GCC_WARN_UNINITIALIZED_AUTOS = YES_AGGRESSIVE;
				GCC_WARN_UNUSED_FUNCTION = YES;
				GCC_WARN_UNUSED_VARIABLE = YES;
				IPHONEOS_DEPLOYMENT_TARGET = 8.3;
				MTL_ENABLE_DEBUG_INFO = YES;
				ONLY_ACTIVE_ARCH = YES;
				SDKROOT = iphoneos;
				SWIFT_OPTIMIZATION_LEVEL = "-Onone";
				TARGETED_DEVICE_FAMILY = "1,2";
			};
			name = Debug;
		};
		750E1A121AB49C29001BABC1 /* Release */ = {
			isa = XCBuildConfiguration;
			buildSettings = {
				ALWAYS_SEARCH_USER_PATHS = NO;
				CLANG_CXX_LANGUAGE_STANDARD = "gnu++0x";
				CLANG_CXX_LIBRARY = "libc++";
				CLANG_ENABLE_MODULES = YES;
				CLANG_ENABLE_OBJC_ARC = YES;
				CLANG_WARN_BOOL_CONVERSION = YES;
				CLANG_WARN_CONSTANT_CONVERSION = YES;
				CLANG_WARN_DIRECT_OBJC_ISA_USAGE = YES_ERROR;
				CLANG_WARN_EMPTY_BODY = YES;
				CLANG_WARN_ENUM_CONVERSION = YES;
				CLANG_WARN_INT_CONVERSION = YES;
				CLANG_WARN_OBJC_ROOT_CLASS = YES_ERROR;
				CLANG_WARN_UNREACHABLE_CODE = YES;
				CLANG_WARN__DUPLICATE_METHOD_MATCH = YES;
				"CODE_SIGN_IDENTITY[sdk=iphoneos*]" = "iPhone Developer";
				COPY_PHASE_STRIP = NO;
				DEBUG_INFORMATION_FORMAT = "dwarf-with-dsym";
				ENABLE_NS_ASSERTIONS = NO;
				ENABLE_STRICT_OBJC_MSGSEND = YES;
				GCC_C_LANGUAGE_STANDARD = gnu99;
				GCC_NO_COMMON_BLOCKS = YES;
				GCC_WARN_64_TO_32_BIT_CONVERSION = YES;
				GCC_WARN_ABOUT_RETURN_TYPE = YES_ERROR;
				GCC_WARN_UNDECLARED_SELECTOR = YES;
				GCC_WARN_UNINITIALIZED_AUTOS = YES_AGGRESSIVE;
				GCC_WARN_UNUSED_FUNCTION = YES;
				GCC_WARN_UNUSED_VARIABLE = YES;
				IPHONEOS_DEPLOYMENT_TARGET = 8.3;
				MTL_ENABLE_DEBUG_INFO = NO;
				SDKROOT = iphoneos;
				TARGETED_DEVICE_FAMILY = "1,2";
				VALIDATE_PRODUCT = YES;
			};
			name = Release;
		};
		750E1A141AB49C29001BABC1 /* Debug */ = {
			isa = XCBuildConfiguration;
			buildSettings = {
				ASSETCATALOG_COMPILER_APPICON_NAME = AppIcon;
				INFOPLIST_FILE = BackItApp/Info.plist;
				LD_RUNPATH_SEARCH_PATHS = "$(inherited) @executable_path/Frameworks";
				PRODUCT_NAME = "$(TARGET_NAME)";
			};
			name = Debug;
		};
		750E1A151AB49C29001BABC1 /* Release */ = {
			isa = XCBuildConfiguration;
			buildSettings = {
				ASSETCATALOG_COMPILER_APPICON_NAME = AppIcon;
				INFOPLIST_FILE = BackItApp/Info.plist;
				LD_RUNPATH_SEARCH_PATHS = "$(inherited) @executable_path/Frameworks";
				PRODUCT_NAME = "$(TARGET_NAME)";
			};
			name = Release;
		};
		750E1A171AB49C29001BABC1 /* Debug */ = {
			isa = XCBuildConfiguration;
			buildSettings = {
				BUNDLE_LOADER = "$(TEST_HOST)";
				FRAMEWORK_SEARCH_PATHS = (
					"$(SDKROOT)/Developer/Library/Frameworks",
					"$(inherited)",
				);
				GCC_PREPROCESSOR_DEFINITIONS = (
					"DEBUG=1",
					"$(inherited)",
				);
				INFOPLIST_FILE = BackItAppTests/Info.plist;
				LD_RUNPATH_SEARCH_PATHS = "$(inherited) @executable_path/Frameworks @loader_path/Frameworks";
				PRODUCT_NAME = "$(TARGET_NAME)";
				TEST_HOST = "$(BUILT_PRODUCTS_DIR)/BackItApp.app/BackItApp";
			};
			name = Debug;
		};
		750E1A181AB49C29001BABC1 /* Release */ = {
			isa = XCBuildConfiguration;
			buildSettings = {
				BUNDLE_LOADER = "$(TEST_HOST)";
				FRAMEWORK_SEARCH_PATHS = (
					"$(SDKROOT)/Developer/Library/Frameworks",
					"$(inherited)",
				);
				INFOPLIST_FILE = BackItAppTests/Info.plist;
				LD_RUNPATH_SEARCH_PATHS = "$(inherited) @executable_path/Frameworks @loader_path/Frameworks";
				PRODUCT_NAME = "$(TARGET_NAME)";
				TEST_HOST = "$(BUILT_PRODUCTS_DIR)/BackItApp.app/BackItApp";
			};
			name = Release;
		};
/* End XCBuildConfiguration section */

/* Begin XCConfigurationList section */
		750E19EC1AB49C28001BABC1 /* Build configuration list for PBXProject "BackItApp" */ = {
			isa = XCConfigurationList;
			buildConfigurations = (
				750E1A111AB49C29001BABC1 /* Debug */,
				750E1A121AB49C29001BABC1 /* Release */,
			);
			defaultConfigurationIsVisible = 0;
			defaultConfigurationName = Release;
		};
		750E1A131AB49C29001BABC1 /* Build configuration list for PBXNativeTarget "BackItApp" */ = {
			isa = XCConfigurationList;
			buildConfigurations = (
				750E1A141AB49C29001BABC1 /* Debug */,
				750E1A151AB49C29001BABC1 /* Release */,
			);
			defaultConfigurationIsVisible = 0;
		};
		750E1A161AB49C29001BABC1 /* Build configuration list for PBXNativeTarget "BackItAppTests" */ = {
			isa = XCConfigurationList;
			buildConfigurations = (
				750E1A171AB49C29001BABC1 /* Debug */,
				750E1A181AB49C29001BABC1 /* Release */,
			);
			defaultConfigurationIsVisible = 0;
		};
/* End XCConfigurationList section */

/* Begin XCVersionGroup section */
		750E19F81AB49C28001BABC1 /* BackItApp.xcdatamodeld */ = {
			isa = XCVersionGroup;
			children = (
				750E19F91AB49C28001BABC1 /* BackItApp.xcdatamodel */,
			);
			currentVersion = 750E19F91AB49C28001BABC1 /* BackItApp.xcdatamodel */;
			path = BackItApp.xcdatamodeld;
			sourceTree = "<group>";
			versionGroupType = wrapper.xcdatamodel;
		};
/* End XCVersionGroup section */
	};
	rootObject = 750E19E91AB49C28001BABC1 /* Project object */;
}
